{
  "name": "bouncer",
  "version": "1.0.0",
  "lockfileVersion": 1,
  "requires": true,
  "dependencies": {
    "ask-sdk-core": {
      "version": "2.1.0",
      "resolved": "https://registry.npmjs.org/ask-sdk-core/-/ask-sdk-core-2.1.0.tgz",
      "integrity": "sha512-rpltf942eaoFh9jib+BxTG9+OX5yuVw1F2VDI6fnkGlshOvbD7KL4i/FUuubolPEdglr4TqBMKQ2tOuKKDoVNw==",
      "requires": {
        "ask-sdk-runtime": "^2.1.0"
      }
    },
    "ask-sdk-model": {
      "version": "1.7.1",
      "resolved": "https://registry.npmjs.org/ask-sdk-model/-/ask-sdk-model-1.7.1.tgz",
      "integrity": "sha512-aOaQnAFCJEmy/Px87xajvAElHi4x12Ib5cHvrnFKiY1pZ/HnT/ASsZunTK8kI8RapMcNiYAEMeW/zvlEDSc2fA=="
    },
    "ask-sdk-runtime": {
      "version": "2.1.0",
      "resolved": "https://registry.npmjs.org/ask-sdk-runtime/-/ask-sdk-runtime-2.1.0.tgz",
      "integrity": "sha512-xiRN41gBWdLFl9m57Mzlv/JIxLZdcVoRI/01wvJXybnw/e+KwqU9l7pkXxhiyLa5hMVHs1snTJUlbHXx6xfD/A=="
    },
    "axios": {
      "version": "0.18.0",
      "resolved": "http://registry.npmjs.org/axios/-/axios-0.18.0.tgz",
      "integrity": "sha1-MtU+SFHv3AoRmTts0AB4nXDAUQI=",
      "requires": {
        "follow-redirects": "^1.3.0",
        "is-buffer": "^1.1.5"
      }
    },
    "debug": {
      "version": "3.1.0",
      "resolved": "https://registry.npmjs.org/debug/-/debug-3.1.0.tgz",
      "integrity": "sha512-OX8XqP7/1a9cqkxYw2yXss15f26NKWBpDXQd0/uK/KPqdQhxbPa994hnzjcE2VqQpDslf55723cKPUOGSmMY3g==",
      "requires": {
        "ms": "2.0.0"
      }
    },
    "follow-redirects": {
      "version": "1.5.9",
      "resolved": "https://registry.npmjs.org/follow-redirects/-/follow-redirects-1.5.9.tgz",
      "integrity": "sha512-Bh65EZI/RU8nx0wbYF9shkFZlqLP+6WT/5FnA3cE/djNSuKNHJEinGGZgu/cQEkeeb2GdFOgenAmn8qaqYke2w==",
      "requires": {
        "debug": "=3.1.0"
      }
    },
    "format-unicorn": {
      "version": "1.1.1",
      "resolved": "https://registry.npmjs.org/format-unicorn/-/format-unicorn-1.1.1.tgz",
      "integrity": "sha1-UzQj+ca9smG/UI//VPLXqbJ6IlE="
    },
    "is-buffer": {
      "version": "1.1.6",
      "resolved": "https://registry.npmjs.org/is-buffer/-/is-buffer-1.1.6.tgz",
      "integrity": "sha512-NcdALwpXkTm5Zvvbk7owOUSvVvBKDgKP5/ewfXEznmQFfs4ZRmanOeKBTjRVjka3QFoN6XJ+9F3USqfHqTaU5w=="
    },
    "lodash": {
      "version": "4.17.11",
      "resolved": "https://registry.npmjs.org/lodash/-/lodash-4.17.11.tgz",
      "integrity": "sha512-cQKh8igo5QUhZ7lg38DYWAxMvjSAKG0A8wGSVimP07SIUEK2UO+arSRKbRZWtelMtN5V0Hkwh5ryOto/SshYIg=="
    },
    "make-plural": {
      "version": "4.3.0",
      "resolved": "https://registry.npmjs.org/make-plural/-/make-plural-4.3.0.tgz",
      "integrity": "sha512-xTYd4JVHpSCW+aqDof6w/MebaMVNTVYBZhbB/vi513xXdiPT92JMVCo0Jq8W2UZnzYRFeVbQiQ+I25l13JuKvA==",
      "requires": {
        "minimist": "^1.2.0"
      }
    },
    "messageformat": {
      "version": "2.0.4",
      "resolved": "https://registry.npmjs.org/messageformat/-/messageformat-2.0.4.tgz",
      "integrity": "sha512-wQkS20LWX8atDHk3OdTh2tNzF38DZvoENPuKrWqqGDfXUEJc7JZRMqx9nkYY6lu3nwwZ/HMIfFJTEMVdXIidhg==",
      "requires": {
        "make-plural": "^4.2.0",
        "messageformat-parser": "^3.0.0",
        "reserved-words": "^0.1.2"
      }
    },
    "messageformat-parser": {
      "version": "3.0.0",
      "resolved": "https://registry.npmjs.org/messageformat-parser/-/messageformat-parser-3.0.0.tgz",
      "integrity": "sha512-5KfDWGAHz5kzfKH5V4M7+o3CIFiykCfFDaLK+Ck2fkaxYfLWwKZMioxrSsMRnkfMr0ZaaC0gcxyOUb2d0GCy4A=="
    },
    "minimist": {
      "version": "1.2.0",
      "resolved": "http://registry.npmjs.org/minimist/-/minimist-1.2.0.tgz",
      "integrity": "sha1-o1AIsg9BOD7sH7kU9M1d95omQoQ=",
      "optional": true
    },
    "ms": {
      "version": "2.0.0",
      "resolved": "https://registry.npmjs.org/ms/-/ms-2.0.0.tgz",
      "integrity": "sha1-VgiurfwAvmwpAd9fmGF4jeDVl8g="
    },
    "reserved-words": {
      "version": "0.1.2",
      "resolved": "https://registry.npmjs.org/reserved-words/-/reserved-words-0.1.2.tgz",
      "integrity": "sha1-AKCUD5jNUBrqqsMWQR2a3FKzGrE="
    }
  }
}
